// !$*UTF8*$!
{
	archiveVersion = 1;
	classes = {
	};
	objectVersion = 77;
	objects = {

/* Begin PBXBuildFile section */
		53F733B82F954D2700B1FDDF /* MarkdownUI in Frameworks */ = {isa = PBXBuildFile; productRef = 53F733B72F954D2700B1FDDF /* MarkdownUI */; };
/* End PBXBuildFile section */

/* Begin PBXContainerItemProxy section */
		53DD1CF32F940C5700A07743 /* PBXContainerItemProxy */ = {
			isa = PBXContainerItemProxy;
			containerPortal = 53DD1CD72F940C5300A07743 /* Project object */;
			proxyType = 1;
			remoteGlobalIDString = 53DD1CDE2F940C5300A07743;
			remoteInfo = ClawIsLand;
		};
		53DD1CFD2F940C5700A07743 /* PBXContainerItemProxy */ = {
			isa = PBXContainerItemProxy;
			containerPortal = 53DD1CD72F940C5300A07743 /* Project object */;
			proxyType = 1;
			remoteGlobalIDString = 53DD1CDE2F940C5300A07743;
			remoteInfo = ClawIsLand;
		};
/* End PBXContainerItemProxy section */

/* Begin PBXFileReference section */
		53DD1CDF2F940C5300A07743 /* ClawIsLand.app */ = {isa = PBXFileReference; explicitFileType = wrapper.application; includeInIndex = 0; path = ClawIsLand.app; sourceTree = BUILT_PRODUCTS_DIR; };
		53DD1CF22F940C5700A07743 /* ClawIsLandTests.xctest */ = {isa = PBXFileReference; explicitFileType = wrapper.cfbundle; includeInIndex = 0; path = ClawIsLandTests.xctest; sourceTree = BUILT_PRODUCTS_DIR; };
		53DD1CFC2F940C5700A07743 /* ClawIsLandUITests.xctest */ = {isa = PBXFileReference; explicitFileType = wrapper.cfbundle; includeInIndex = 0; path = ClawIsLandUITests.xctest; sourceTree = BUILT_PRODUCTS_DIR; };
/* End PBXFileReference section */

/* Begin PBXFileSystemSynchronizedRootGroup section */
		53DD1CE12F940C5300A07743 /* ClawIsLand */ = {
			isa = PBXFileSystemSynchronizedRootGroup;
			exceptions = (
			);
			path = ClawIsLand;
			sourceTree = "<group>";
		};
		53DD1CF52F940C5700A07743 /* ClawIsLandTests */ = {
			isa = PBXFileSystemSynchronizedRootGroup;
			exceptions = (
			);
			path = ClawIsLandTests;
			sourceTree = "<group>";
		};
		53DD1CFF2F940C5700A07743 /* ClawIsLandUITests */ = {
			isa = PBXFileSystemSynchronizedRootGroup;
			exceptions = (
			);
			path = ClawIsLandUITests;
			sourceTree = "<group>";
		};
/* End PBXFileSystemSynchronizedRootGroup section */

/* Begin PBXFrameworksBuildPhase section */
		53DD1CDC2F940C5300A07743 /* Frameworks */ = {
			isa = PBXFrameworksBuildPhase;
			buildActionMask = 2147483647;
			files = (
				53F733B82F954D2700B1FDDF /* MarkdownUI in Frameworks */,
			);
			runOnlyForDeploymentPostprocessing = 0;
		};
		53DD1CEF2F940C5700A07743 /* Frameworks */ = {
			isa = PBXFrameworksBuildPhase;
			buildActionMask = 2147483647;
			files = (
			);
			runOnlyForDeploymentPostprocessing = 0;
		};
		53DD1CF92F940C5700A07743 /* Frameworks */ = {
			isa = PBXFrameworksBuildPhase;
			buildActionMask = 2147483647;
			files = (
			);
			runOnlyForDeploymentPostprocessing = 0;
		};
/* End PBXFrameworksBuildPhase section */

/* Begin PBXGroup section */
		53DD1CD62F940C5300A07743 = {
			isa = PBXGroup;
			children = (
				53DD1CE12F940C5300A07743 /* ClawIsLand */,
				53DD1CF52F940C5700A07743 /* ClawIsLandTests */,
				53DD1CFF2F940C5700A07743 /* ClawIsLandUITests */,
				53DD1CE02F940C5300A07743 /* Products */,
			);
			sourceTree = "<group>";
		};
		53DD1CE02F940C5300A07743 /* Products */ = {
			isa = PBXGroup;
			children = (
				53DD1CDF2F940C5300A07743 /* ClawIsLand.app */,
				53DD1CF22F940C5700A07743 /* ClawIsLandTests.xctest */,
				53DD1CFC2F940C5700A07743 /* ClawIsLandUITests.xctest */,
			);
			name = Products;
			sourceTree = "<group>";
		};
/* End PBXGroup section */

/* Begin PBXNativeTarget section */
		53DD1CDE2F940C5300A07743 /* ClawIsLand */ = {
			isa = PBXNativeTarget;
			buildConfigurationList = 53DD1D062F940C5700A07743 /* Build configuration list for PBXNativeTarget "ClawIsLand" */;
			buildPhases = (
				53DD1CDB2F940C5300A07743 /* Sources */,
				53DD1CDC2F940C5300A07743 /* Frameworks */,
				53DD1CDD2F940C5300A07743 /* Resources */,
			);
			buildRules = (
			);
			dependencies = (
			);
			fileSystemSynchronizedGroups = (
				53DD1CE12F940C5300A07743 /* ClawIsLand */,
			);
			name = ClawIsLand;
			packageProductDependencies = (
				53F733B72F954D2700B1FDDF /* MarkdownUI */,
			);
			productName = ClawIsLand;
			productReference = 53DD1CDF2F940C5300A07743 /* ClawIsLand.app */;
			productType = "com.apple.product-type.application";
		};
		53DD1CF12F940C5700A07743 /* ClawIsLandTests */ = {
			isa = PBXNativeTarget;
			buildConfigurationList = 53DD1D092F940C5700A07743 /* Build configuration list for PBXNativeTarget "ClawIsLandTests" */;
			buildPhases = (
				53DD1CEE2F940C5700A07743 /* Sources */,
				53DD1CEF2F940C5700A07743 /* Frameworks */,
				53DD1CF02F940C5700A07743 /* Resources */,
			);
			buildRules = (
			);
			dependencies = (
				53DD1CF42F940C5700A07743 /* PBXTargetDependency */,
			);
			fileSystemSynchronizedGroups = (
				53DD1CF52F940C5700A07743 /* ClawIsLandTests */,
			);
			name = ClawIsLandTests;
			productName = ClawIsLandTests;
			productReference = 53DD1CF22F940C5700A07743 /* ClawIsLandTests.xctest */;
			productType = "com.apple.product-type.bundle.unit-test";
		};
		53DD1CFB2F940C5700A07743 /* ClawIsLandUITests */ = {
			isa = PBXNativeTarget;
			buildConfigurationList = 53DD1D0C2F940C5700A07743 /* Build configuration list for PBXNativeTarget "ClawIsLandUITests" */;
			buildPhases = (
				53DD1CF82F940C5700A07743 /* Sources */,
				53DD1CF92F940C5700A07743 /* Frameworks */,
				53DD1CFA2F940C5700A07743 /* Resources */,
			);
			buildRules = (
			);
			dependencies = (
				53DD1CFE2F940C5700A07743 /* PBXTargetDependency */,
			);
			fileSystemSynchronizedGroups = (
				53DD1CFF2F940C5700A07743 /* ClawIsLandUITests */,
			);
			name = ClawIsLandUITests;
			productName = ClawIsLandUITests;
			productReference = 53DD1CFC2F940C5700A07743 /* ClawIsLandUITests.xctest */;
			productType = "com.apple.product-type.bundle.ui-testing";
		};
/* End PBXNativeTarget section */

/* Begin PBXProject section */
		53DD1CD72F940C5300A07743 /* Project object */ = {
			isa = PBXProject;
			attributes = {
				BuildIndependentTargetsInParallel = 1;
				LastSwiftUpdateCheck = 1630;
				LastUpgradeCheck = 1630;
				TargetAttributes = {
					53DD1CDE2F940C5300A07743 = {
						CreatedOnToolsVersion = 16.3;
					};
					53DD1CF12F940C5700A07743 = {
						CreatedOnToolsVersion = 16.3;
						TestTargetID = 53DD1CDE2F940C5300A07743;
					};
					53DD1CFB2F940C5700A07743 = {
						CreatedOnToolsVersion = 16.3;
						TestTargetID = 53DD1CDE2F940C5300A07743;
					};
				};
			};
			buildConfigurationList = 53DD1CDA2F940C5300A07743 /* Build configuration list for PBXProject "ClawIsLand" */;
			developmentRegion = en;
			hasScannedForEncodings = 0;
			knownRegions = (
				en,
				Base,
			);
			mainGroup = 53DD1CD62F940C5300A07743;
			minimizedProjectReferenceProxies = 1;
			packageReferences = (
				53F733B62F954D2700B1FDDF /* XCRemoteSwiftPackageReference "swift-markdown-ui" */,
			);
			preferredProjectObjectVersion = 77;
			productRefGroup = 53DD1CE02F940C5300A07743 /* Products */;
			projectDirPath = "";
			projectRoot = "";
			targets = (
				53DD1CDE2F940C5300A07743 /* ClawIsLand */,
				53DD1CF12F940C5700A07743 /* ClawIsLandTests */,
				53DD1CFB2F940C5700A07743 /* ClawIsLandUITests */,
			);
		};
/* End PBXProject section */

/* Begin PBXResourcesBuildPhase section */
		53DD1CDD2F940C5300A07743 /* Resources */ = {
			isa = PBXResourcesBuildPhase;
			buildActionMask = 2147483647;
			files = (
			);
			runOnlyForDeploymentPostprocessing = 0;
		};
		53DD1CF02F940C5700A07743 /* Resources */ = {
			isa = PBXResourcesBuildPhase;
			buildActionMask = 2147483647;
			files = (
			);
			runOnlyForDeploymentPostprocessing = 0;
		};
		53DD1CFA2F940C5700A07743 /* Resources */ = {
			isa = PBXResourcesBuildPhase;
			buildActionMask = 2147483647;
			files = (
			);
			runOnlyForDeploymentPostprocessing = 0;
		};
/* End PBXResourcesBuildPhase section */

/* Begin PBXSourcesBuildPhase section */
		53DD1CDB2F940C5300A07743 /* Sources */ = {
			isa = PBXSourcesBuildPhase;
			buildActionMask = 2147483647;
			files = (
			);
			runOnlyForDeploymentPostprocessing = 0;
		};
		53DD1CEE2F940C5700A07743 /* Sources */ = {
			isa = PBXSourcesBuildPhase;
			buildActionMask = 2147483647;
			files = (
			);
			runOnlyForDeploymentPostprocessing = 0;
		};
		53DD1CF82F940C5700A07743 /* Sources */ = {
			isa = PBXSourcesBuildPhase;
			buildActionMask = 2147483647;
			files = (
			);
			runOnlyForDeploymentPostprocessing = 0;
		};
/* End PBXSourcesBuildPhase section */

/* Begin PBXTargetDependency section */
		53DD1CF42F940C5700A07743 /* PBXTargetDependency */ = {
			isa = PBXTargetDependency;
			target = 53DD1CDE2F940C5300A07743 /* ClawIsLand */;
			targetProxy = 53DD1CF32F940C5700A07743 /* PBXContainerItemProxy */;
		};
		53DD1CFE2F940C5700A07743 /* PBXTargetDependency */ = {
			isa = PBXTargetDependency;
			target = 53DD1CDE2F940C5300A07743 /* ClawIsLand */;
			targetProxy = 53DD1CFD2F940C5700A07743 /* PBXContainerItemProxy */;
		};
/* End PBXTargetDependency section */

/* Begin XCBuildConfiguration section */
		53DD1D042F940C5700A07743 /* Debug */ = {
			isa = XCBuildConfiguration;
			buildSettings = {
				ALWAYS_SEARCH_USER_PATHS = NO;
				ASSETCATALOG_COMPILER_GENERATE_SWIFT_ASSET_SYMBOL_EXTENSIONS = YES;
				CLANG_ANALYZER_NONNULL = YES;
				CLANG_ANALYZER_NUMBER_OBJECT_CONVERSION = YES_AGGRESSIVE;
				CLANG_CXX_LANGUAGE_STANDARD = "gnu++20";
				CLANG_ENABLE_MODULES = YES;
				CLANG_ENABLE_OBJC_ARC = YES;
				CLANG_ENABLE_OBJC_WEAK = YES;
				CLANG_WARN_BLOCK_CAPTURE_AUTORELEASING = YES;
				CLANG_WARN_BOOL_CONVERSION = YES;
				CLANG_WARN_COMMA = YES;
				CLANG_WARN_CONSTANT_CONVERSION = YES;
				CLANG_WARN_DEPRECATED_OBJC_IMPLEMENTATIONS = YES;
				CLANG_WARN_DIRECT_OBJC_ISA_USAGE = YES_ERROR;
				CLANG_WARN_DOCUMENTATION_COMMENTS = YES;
				CLANG_WARN_EMPTY_BODY = YES;
				CLANG_WARN_ENUM_CONVERSION = YES;
				CLANG_WARN_INFINITE_RECURSION = YES;
				CLANG_WARN_INT_CONVERSION = YES;
				CLANG_WARN_NON_LITERAL_NULL_CONVERSION = YES;
				CLANG_WARN_OBJC_IMPLICIT_RETAIN_SELF = YES;
				CLANG_WARN_OBJC_LITERAL_CONVERSION = YES;
				CLANG_WARN_OBJC_ROOT_CLASS = YES_ERROR;
				CLANG_WARN_QUOTED_INCLUDE_IN_FRAMEWORK_HEADER = YES;
				CLANG_WARN_RANGE_LOOP_ANALYSIS = YES;
				CLANG_WARN_STRICT_PROTOTYPES = YES;
				CLANG_WARN_SUSPICIOUS_MOVE = YES;
				CLANG_WARN_UNGUARDED_AVAILABILITY = YES_AGGRESSIVE;
				CLANG_WARN_UNREACHABLE_CODE = YES;
				CLANG_WARN__DUPLICATE_METHOD_MATCH = YES;
				COPY_PHASE_STRIP = NO;
				DEBUG_INFORMATION_FORMAT = dwarf;
				DEVELOPMENT_TEAM = 3P23GU26N4;
				ENABLE_STRICT_OBJC_MSGSEND = YES;
				ENABLE_TESTABILITY = YES;
				ENABLE_USER_SCRIPT_SANDBOXING = YES;
				GCC_C_LANGUAGE_STANDARD = gnu17;
				GCC_DYNAMIC_NO_PIC = NO;
				GCC_NO_COMMON_BLOCKS = YES;
				GCC_OPTIMIZATION_LEVEL = 0;
				GCC_PREPROCESSOR_DEFINITIONS = (
					"DEBUG=1",
					"$(inherited)",
				);
				GCC_WARN_64_TO_32_BIT_CONVERSION = YES;
				GCC_WARN_ABOUT_RETURN_TYPE = YES_ERROR;
				GCC_WARN_UNDECLARED_SELECTOR = YES;
				GCC_WARN_UNINITIALIZED_AUTOS = YES_AGGRESSIVE;
				GCC_WARN_UNUSED_FUNCTION = YES;
				GCC_WARN_UNUSED_VARIABLE = YES;
				LOCALIZATION_PREFERS_STRING_CATALOGS = YES;
				MACOSX_DEPLOYMENT_TARGET = 15.4;
				MTL_ENABLE_DEBUG_INFO = INCLUDE_SOURCE;
				MTL_FAST_MATH = YES;
				ONLY_ACTIVE_ARCH = YES;
				SDKROOT = macosx;
				SWIFT_ACTIVE_COMPILATION_CONDITIONS = "DEBUG $(inherited)";
				SWIFT_OPTIMIZATION_LEVEL = "-Onone";
			};
			name = Debug;
		};
		53DD1D052F940C5700A07743 /* Release */ = {
			isa = XCBuildConfiguration;
			buildSettings = {
				ALWAYS_SEARCH_USER_PATHS = NO;
				ASSETCATALOG_COMPILER_GENERATE_SWIFT_ASSET_SYMBOL_EXTENSIONS = YES;
				CLANG_ANALYZER_NONNULL = YES;
				CLANG_ANALYZER_NUMBER_OBJECT_CONVERSION = YES_AGGRESSIVE;
				CLANG_CXX_LANGUAGE_STANDARD = "gnu++20";
				CLANG_ENABLE_MODULES = YES;
				CLANG_ENABLE_OBJC_ARC = YES;
				CLANG_ENABLE_OBJC_WEAK = YES;
				CLANG_WARN_BLOCK_CAPTURE_AUTORELEASING = YES;
				CLANG_WARN_BOOL_CONVERSION = YES;
				CLANG_WARN_COMMA = YES;
				CLANG_WARN_CONSTANT_CONVERSION = YES;
				CLANG_WARN_DEPRECATED_OBJC_IMPLEMENTATIONS = YES;
				CLANG_WARN_DIRECT_OBJC_ISA_USAGE = YES_ERROR;
				CLANG_WARN_DOCUMENTATION_COMMENTS = YES;
				CLANG_WARN_EMPTY_BODY = YES;
				CLANG_WARN_ENUM_CONVERSION = YES;
				CLANG_WARN_INFINITE_RECURSION = YES;
				CLANG_WARN_INT_CONVERSION = YES;
				CLANG_WARN_NON_LITERAL_NULL_CONVERSION = YES;
				CLANG_WARN_OBJC_IMPLICIT_RETAIN_SELF = YES;
				CLANG_WARN_OBJC_LITERAL_CONVERSION = YES;
				CLANG_WARN_OBJC_ROOT_CLASS = YES_ERROR;
				CLANG_WARN_QUOTED_INCLUDE_IN_FRAMEWORK_HEADER = YES;
				CLANG_WARN_RANGE_LOOP_ANALYSIS = YES;
				CLANG_WARN_STRICT_PROTOTYPES = YES;
				CLANG_WARN_SUSPICIOUS_MOVE = YES;
				CLANG_WARN_UNGUARDED_AVAILABILITY = YES_AGGRESSIVE;
				CLANG_WARN_UNREACHABLE_CODE = YES;
				CLANG_WARN__DUPLICATE_METHOD_MATCH = YES;
				COPY_PHASE_STRIP = NO;
				DEBUG_INFORMATION_FORMAT = "dwarf-with-dsym";
				DEVELOPMENT_TEAM = 3P23GU26N4;
				ENABLE_NS_ASSERTIONS = NO;
				ENABLE_STRICT_OBJC_MSGSEND = YES;
				ENABLE_USER_SCRIPT_SANDBOXING = YES;
				GCC_C_LANGUAGE_STANDARD = gnu17;
				GCC_NO_COMMON_BLOCKS = YES;
				GCC_WARN_64_TO_32_BIT_CONVERSION = YES;
				GCC_WARN_ABOUT_RETURN_TYPE = YES_ERROR;
				GCC_WARN_UNDECLARED_SELECTOR = YES;
				GCC_WARN_UNINITIALIZED_AUTOS = YES_AGGRESSIVE;
				GCC_WARN_UNUSED_FUNCTION = YES;
				GCC_WARN_UNUSED_VARIABLE = YES;
				LOCALIZATION_PREFERS_STRING_CATALOGS = YES;
				MACOSX_DEPLOYMENT_TARGET = 15.4;
				MTL_ENABLE_DEBUG_INFO = NO;
				MTL_FAST_MATH = YES;
				SDKROOT = macosx;
				SWIFT_COMPILATION_MODE = wholemodule;
			};
			name = Release;
		};
		53DD1D072F940C5700A07743 /* Debug */ = {
			isa = XCBuildConfiguration;
			buildSettings = {
				ASSETCATALOG_COMPILER_APPICON_NAME = AppIcon;
				ASSETCATALOG_COMPILER_GLOBAL_ACCENT_COLOR_NAME = AccentColor;
				CODE_SIGN_ENTITLEMENTS = ClawIsLand/ClawIsLand.entitlements;
				CODE_SIGN_STYLE = Automatic;
				COMBINE_HIDPI_IMAGES = YES;
				CURRENT_PROJECT_VERSION = 1;
				DEVELOPMENT_TEAM = 3P23GU26N4;
				ENABLE_HARDENED_RUNTIME = YES;
				ENABLE_PREVIEWS = YES;
				GENERATE_INFOPLIST_FILE = YES;
				INFOPLIST_KEY_LSApplicationCategoryType = "public.app-category.developer-tools";
				INFOPLIST_KEY_NSHumanReadableCopyright = "";
				LD_RUNPATH_SEARCH_PATHS = (
					"$(inherited)",
					"@executable_path/../Frameworks",
				);
				MARKETING_VERSION = 1.0;
				PRODUCT_BUNDLE_IDENTIFIER = antzuhl.ClawIsLand;
				PRODUCT_NAME = "$(TARGET_NAME)";
				REGISTER_APP_GROUPS = YES;
				SWIFT_EMIT_LOC_STRINGS = YES;
				SWIFT_VERSION = 5.0;
			};
			name = Debug;
		};
		53DD1D082F940C5700A07743 /* Release */ = {
			isa = XCBuildConfiguration;
			buildSettings = {
				ASSETCATALOG_COMPILER_APPICON_NAME = AppIcon;
				ASSETCATALOG_COMPILER_GLOBAL_ACCENT_COLOR_NAME = AccentColor;
				CODE_SIGN_ENTITLEMENTS = ClawIsLand/ClawIsLand.entitlements;
				CODE_SIGN_STYLE = Automatic;
				COMBINE_HIDPI_IMAGES = YES;
				CURRENT_PROJECT_VERSION = 1;
				DEVELOPMENT_TEAM = 3P23GU26N4;
				ENABLE_HARDENED_RUNTIME = YES;
				ENABLE_PREVIEWS = YES;
				GENERATE_INFOPLIST_FILE = YES;
				INFOPLIST_KEY_LSApplicationCategoryType = "public.app-category.developer-tools";
				INFOPLIST_KEY_NSHumanReadableCopyright = "";
				LD_RUNPATH_SEARCH_PATHS = (
					"$(inherited)",
					"@executable_path/../Frameworks",
				);
				MARKETING_VERSION = 1.0;
				PRODUCT_BUNDLE_IDENTIFIER = antzuhl.ClawIsLand;
				PRODUCT_NAME = "$(TARGET_NAME)";
				REGISTER_APP_GROUPS = YES;
				SWIFT_EMIT_LOC_STRINGS = YES;
				SWIFT_VERSION = 5.0;
			};
			name = Release;
		};
		53DD1D0A2F940C5700A07743 /* Debug */ = {
			isa = XCBuildConfiguration;
			buildSettings = {
				BUNDLE_LOADER = "$(TEST_HOST)";
				CODE_SIGN_STYLE = Automatic;
				CURRENT_PROJECT_VERSION = 1;
				DEVELOPMENT_TEAM = 3P23GU26N4;
				GENERATE_INFOPLIST_FILE = YES;
				MACOSX_DEPLOYMENT_TARGET = 15.4;
				MARKETING_VERSION = 1.0;
				PRODUCT_BUNDLE_IDENTIFIER = antzuhl.ClawIsLandTests;
				PRODUCT_NAME = "$(TARGET_NAME)";
				SWIFT_EMIT_LOC_STRINGS = NO;
				SWIFT_VERSION = 5.0;
				TEST_HOST = "$(BUILT_PRODUCTS_DIR)/ClawIsLand.app/$(BUNDLE_EXECUTABLE_FOLDER_PATH)/ClawIsLand";
			};
			name = Debug;
		};
		53DD1D0B2F940C5700A07743 /* Release */ = {
			isa = XCBuildConfiguration;
			buildSettings = {
				BUNDLE_LOADER = "$(TEST_HOST)";
				CODE_SIGN_STYLE = Automatic;
				CURRENT_PROJECT_VERSION = 1;
				DEVELOPMENT_TEAM = 3P23GU26N4;
				GENERATE_INFOPLIST_FILE = YES;
				MACOSX_DEPLOYMENT_TARGET = 15.4;
				MARKETING_VERSION = 1.0;
				PRODUCT_BUNDLE_IDENTIFIER = antzuhl.ClawIsLandTests;
				PRODUCT_NAME = "$(TARGET_NAME)";
				SWIFT_EMIT_LOC_STRINGS = NO;
				SWIFT_VERSION = 5.0;
				TEST_HOST = "$(BUILT_PRODUCTS_DIR)/ClawIsLand.app/$(BUNDLE_EXECUTABLE_FOLDER_PATH)/ClawIsLand";
			};
			name = Release;
		};
		53DD1D0D2F940C5700A07743 /* Debug */ = {
			isa = XCBuildConfiguration;
			buildSettings = {
				CODE_SIGN_STYLE = Automatic;
				CURRENT_PROJECT_VERSION = 1;
				DEVELOPMENT_TEAM = 3P23GU26N4;
				GENERATE_INFOPLIST_FILE = YES;
				MARKETING_VERSION = 1.0;
				PRODUCT_BUNDLE_IDENTIFIER = antzuhl.ClawIsLandUITests;
				PRODUCT_NAME = "$(TARGET_NAME)";
				SWIFT_EMIT_LOC_STRINGS = NO;
				SWIFT_VERSION = 5.0;
				TEST_TARGET_NAME = ClawIsLand;
			};
			name = Debug;
		};
		53DD1D0E2F940C5700A07743 /* Release */ = {
			isa = XCBuildConfiguration;
			buildSettings = {
				CODE_SIGN_STYLE = Automatic;
				CURRENT_PROJECT_VERSION = 1;
				DEVELOPMENT_TEAM = 3P23GU26N4;
				GENERATE_INFOPLIST_FILE = YES;
				MARKETING_VERSION = 1.0;
				PRODUCT_BUNDLE_IDENTIFIER = antzuhl.ClawIsLandUITests;
				PRODUCT_NAME = "$(TARGET_NAME)";
				SWIFT_EMIT_LOC_STRINGS = NO;
				SWIFT_VERSION = 5.0;
				TEST_TARGET_NAME = ClawIsLand;
			};
			name = Release;
		};
/* End XCBuildConfiguration section */

/* Begin XCConfigurationList section */
		53DD1CDA2F940C5300A07743 /* Build configuration list for PBXProject "ClawIsLand" */ = {
			isa = XCConfigurationList;
			buildConfigurations = (
				53DD1D042F940C5700A07743 /* Debug */,
				53DD1D052F940C5700A07743 /* Release */,
			);
			defaultConfigurationIsVisible = 0;
			defaultConfigurationName = Release;
		};
		53DD1D062F940C5700A07743 /* Build configuration list for PBXNativeTarget "ClawIsLand" */ = {
			isa = XCConfigurationList;
			buildConfigurations = (
				53DD1D072F940C5700A07743 /* Debug */,
				53DD1D082F940C5700A07743 /* Release */,
			);
			defaultConfigurationIsVisible = 0;
			defaultConfigurationName = Release;
		};
		53DD1D092F940C5700A07743 /* Build configuration list for PBXNativeTarget "ClawIsLandTests" */ = {
			isa = XCConfigurationList;
			buildConfigurations = (
				53DD1D0A2F940C5700A07743 /* Debug */,
				53DD1D0B2F940C5700A07743 /* Release */,
			);
			defaultConfigurationIsVisible = 0;
			defaultConfigurationName = Release;
		};
		53DD1D0C2F940C5700A07743 /* Build configuration list for PBXNativeTarget "ClawIsLandUITests" */ = {
			isa = XCConfigurationList;
			buildConfigurations = (
				53DD1D0D2F940C5700A07743 /* Debug */,
				53DD1D0E2F940C5700A07743 /* Release */,
			);
			defaultConfigurationIsVisible = 0;
			defaultConfigurationName = Release;
		};
/* End XCConfigurationList section */

/* Begin XCRemoteSwiftPackageReference section */
		53F733B62F954D2700B1FDDF /* XCRemoteSwiftPackageReference "swift-markdown-ui" */ = {
			isa = XCRemoteSwiftPackageReference;
			repositoryURL = "https://github.com/gonzalezreal/swift-markdown-ui";
			requirement = {
				kind = upToNextMajorVersion;
				minimumVersion = 2.4.1;
			};
		};
/* End XCRemoteSwiftPackageReference section */

/* Begin XCSwiftPackageProductDependency section */
		53F733B72F954D2700B1FDDF /* MarkdownUI */ = {
			isa = XCSwiftPackageProductDependency;
			package = 53F733B62F954D2700B1FDDF /* XCRemoteSwiftPackageReference "swift-markdown-ui" */;
			productName = MarkdownUI;
		};
/* End XCSwiftPackageProductDependency section */
	};
	rootObject = 53DD1CD72F940C5300A07743 /* Project object */;
}
